
Microsoft Visual Studio Solution File, Format Version 12.00
# Visual Studio Version 16
VisualStudioVersion = 16.0.30608.117
MinimumVisualStudioVersion = 10.0.40219.1
Project("{9A19103F-16F7-4668-BE54-9A1E7A4F7556}") = "AADP", "AADP\AADP.csproj", "{33BA9559-B3E5-46CF-8CB4-7CAE61929346}"
EndProject
Project("{9A19103F-16F7-4668-BE54-9A1E7A4F7556}") = "Console UI", "Console UI\Console UI.csproj", "{018D0CAB-CD87-478C-8306-9EE57A605953}"
EndProject
Global
	GlobalSection(SolutionConfigurationPlatforms) = preSolution
		Debug|Any CPU = Debug|Any CPU
		Debug|x64 = Debug|x64
		Debug|x86 = Debug|x86
		Release|Any CPU = Release|Any CPU
		Release|x64 = Release|x64
		Release|x86 = Release|x86
	EndGlobalSection
	GlobalSection(ProjectConfigurationPlatforms) = postSolution
		{33BA9559-B3E5-46CF-8CB4-7CAE61929346}.Debug|Any CPU.ActiveCfg = Debug|Any CPU
		{33BA9559-B3E5-46CF-8CB4-7CAE61929346}.Debug|Any CPU.Build.0 = Debug|Any CPU
		{33BA9559-B3E5-46CF-8CB4-7CAE61929346}.Debug|x64.ActiveCfg = Debug|Any CPU
		{33BA9559-B3E5-46CF-8CB4-7CAE61929346}.Debug|x64.Build.0 = Debug|Any CPU
		{33BA9559-B3E5-46CF-8CB4-7CAE61929346}.Debug|x86.ActiveCfg = Debug|Any CPU
		{33BA9559-B3E5-46CF-8CB4-7CAE61929346}.Debug|x86.Build.0 = Debug|Any CPU
		{33BA9559-B3E5-46CF-8CB4-7CAE61929346}.Release|Any CPU.ActiveCfg = Release|Any CPU
		{33BA9559-B3E5-46CF-8CB4-7CAE61929346}.Release|Any CPU.Build.0 = Release|Any CPU
		{33BA9559-B3E5-46CF-8CB4-7CAE61929346}.Release|x64.ActiveCfg = Release|Any CPU
		{33BA9559-B3E5-46CF-8CB4-7CAE61929346}.Release|x64.Build.0 = Release|Any CPU
		{33BA9559-B3E5-46CF-8CB4-7CAE61929346}.Release|x86.ActiveCfg = Release|Any CPU
		{33BA9559-B3E5-46CF-8CB4-7CAE61929346}.Release|x86.Build.0 = Release|Any CPU
		{018D0CAB-CD87-478C-8306-9EE57A605953}.Debug|Any CPU.ActiveCfg = Debug|Any CPU
		{018D0CAB-CD87-478C-8306-9EE57A605953}.Debug|Any CPU.Build.0 = Debug|Any CPU
		{018D0CAB-CD87-478C-8306-9EE57A605953}.Debug|x64.ActiveCfg = Debug|Any CPU
		{018D0CAB-CD87-478C-8306-9EE57A605953}.Debug|x64.Build.0 = Debug|Any CPU
		{018D0CAB-CD87-478C-8306-9EE57A605953}.Debug|x86.ActiveCfg = Debug|Any CPU
		{018D0CAB-CD87-478C-8306-9EE57A605953}.Debug|x86.Build.0 = Debug|Any CPU
		{018D0CAB-CD87-478C-8306-9EE57A605953}.Release|Any CPU.ActiveCfg = Release|Any CPU
		{018D0CAB-CD87-478C-8306-9EE57A605953}.Release|Any CPU.Build.0 = Release|Any CPU
		{018D0CAB-CD87-478C-8306-9EE57A605953}.Release|x64.ActiveCfg = Release|Any CPU
		{018D0CAB-CD87-478C-8306-9EE57A605953}.Release|x64.Build.0 = Release|Any CPU
		{018D0CAB-CD87-478C-8306-9EE57A605953}.Release|x86.ActiveCfg = Release|Any CPU
		{018D0CAB-CD87-478C-8306-9EE57A605953}.Release|x86.Build.0 = Release|Any CPU
	EndGlobalSection
	GlobalSection(SolutionProperties) = preSolution
		HideSolutionNode = FALSE
	EndGlobalSection
	GlobalSection(ExtensibilityGlobals) = postSolution
		SolutionGuid = {057E82A5-ED67-4E14-B6B6-86CEED726CF0}
	EndGlobalSection
EndGlobal
